// !$*UTF8*$!
{
	archiveVersion = 1;
	classes = {
	};
	objectVersion = 46;
	objects = {

/* Begin PBXBuildFile section */
		360248471B7867690053C740 /* CoreData.framework in Frameworks */ = {isa = PBXBuildFile; fileRef = 360248461B7867690053C740 /* CoreData.framework */; };
		3602484A1B7868360053C740 /* Model.xcdatamodeld in Sources */ = {isa = PBXBuildFile; fileRef = 360248481B7868360053C740 /* Model.xcdatamodeld */; };
		3633062B1B748AA200551CEE /* Done.png in Resources */ = {isa = PBXBuildFile; fileRef = 3633062A1B748AA200551CEE /* Done.png */; };
		3633921C1B7352EC00A534A8 /* TaskCell.xib in Resources */ = {isa = PBXBuildFile; fileRef = 3633921B1B7352EC00A534A8 /* TaskCell.xib */; };
		3633921F1B73559500A534A8 /* TaskTableViewCell.m in Sources */ = {isa = PBXBuildFile; fileRef = 3633921E1B73559500A534A8 /* TaskTableViewCell.m */; };
		3633E5AA1B7B01B7000F524A /* Task.m in Sources */ = {isa = PBXBuildFile; fileRef = 3633E5A91B7B01B7000F524A /* Task.m */; };
		363499FD1B7111BD00D472B8 /* AddItemViewController.m in Sources */ = {isa = PBXBuildFile; fileRef = 363499FC1B7111BD00D472B8 /* AddItemViewController.m */; };
		36349A001B71156300D472B8 /* DetailViewController.m in Sources */ = {isa = PBXBuildFile; fileRef = 363499FF1B71156300D472B8 /* DetailViewController.m */; };
		363AE3521B70AE7700C3A0A9 /* main.m in Sources */ = {isa = PBXBuildFile; fileRef = 363AE3511B70AE7700C3A0A9 /* main.m */; };
		363AE3551B70AE7700C3A0A9 /* AppDelegate.m in Sources */ = {isa = PBXBuildFile; fileRef = 363AE3541B70AE7700C3A0A9 /* AppDelegate.m */; };
		363AE3581B70AE7700C3A0A9 /* ViewController.m in Sources */ = {isa = PBXBuildFile; fileRef = 363AE3571B70AE7700C3A0A9 /* ViewController.m */; };
		363AE35B1B70AE7700C3A0A9 /* Main.storyboard in Resources */ = {isa = PBXBuildFile; fileRef = 363AE3591B70AE7700C3A0A9 /* Main.storyboard */; };
		363AE35D1B70AE7700C3A0A9 /* Images.xcassets in Resources */ = {isa = PBXBuildFile; fileRef = 363AE35C1B70AE7700C3A0A9 /* Images.xcassets */; };
		363AE3601B70AE7700C3A0A9 /* LaunchScreen.xib in Resources */ = {isa = PBXBuildFile; fileRef = 363AE35E1B70AE7700C3A0A9 /* LaunchScreen.xib */; };
		363AE36C1B70AE7700C3A0A9 /* NTableViewTests.m in Sources */ = {isa = PBXBuildFile; fileRef = 363AE36B1B70AE7700C3A0A9 /* NTableViewTests.m */; };
/* End PBXBuildFile section */

/* Begin PBXContainerItemProxy section */
		363AE3661B70AE7700C3A0A9 /* PBXContainerItemProxy */ = {
			isa = PBXContainerItemProxy;
			containerPortal = 363AE3441B70AE7700C3A0A9 /* Project object */;
			proxyType = 1;
			remoteGlobalIDString = 363AE34B1B70AE7700C3A0A9;
			remoteInfo = NTableView;
		};
/* End PBXContainerItemProxy section */

/* Begin PBXFileReference section */
		360248461B7867690053C740 /* CoreData.framework */ = {isa = PBXFileReference; lastKnownFileType = wrapper.framework; name = CoreData.framework; path = System/Library/Frameworks/CoreData.framework; sourceTree = SDKROOT; };
		360248491B7868360053C740 /* Model.xcdatamodel */ = {isa = PBXFileReference; lastKnownFileType = wrapper.xcdatamodel; path = Model.xcdatamodel; sourceTree = "<group>"; };
		3633062A1B748AA200551CEE /* Done.png */ = {isa = PBXFileReference; lastKnownFileType = image.png; path = Done.png; sourceTree = "<group>"; };
		3633921B1B7352EC00A534A8 /* TaskCell.xib */ = {isa = PBXFileReference; fileEncoding = 4; lastKnownFileType = file.xib; path = TaskCell.xib; sourceTree = "<group>"; };
		3633921D1B73559500A534A8 /* TaskTableViewCell.h */ = {isa = PBXFileReference; fileEncoding = 4; lastKnownFileType = sourcecode.c.h; path = TaskTableViewCell.h; sourceTree = "<group>"; };
		3633921E1B73559500A534A8 /* TaskTableViewCell.m */ = {isa = PBXFileReference; fileEncoding = 4; lastKnownFileType = sourcecode.c.objc; path = TaskTableViewCell.m; sourceTree = "<group>"; };
		3633E5A81B7B01B7000F524A /* Task.h */ = {isa = PBXFileReference; fileEncoding = 4; lastKnownFileType = sourcecode.c.h; name = Task.h; path = ../Task.h; sourceTree = "<group>"; };
		3633E5A91B7B01B7000F524A /* Task.m */ = {isa = PBXFileReference; fileEncoding = 4; lastKnownFileType = sourcecode.c.objc; name = Task.m; path = ../Task.m; sourceTree = "<group>"; };
		363499FB1B7111BD00D472B8 /* AddItemViewController.h */ = {isa = PBXFileReference; fileEncoding = 4; lastKnownFileType = sourcecode.c.h; path = AddItemViewController.h; sourceTree = "<group>"; };
		363499FC1B7111BD00D472B8 /* AddItemViewController.m */ = {isa = PBXFileReference; fileEncoding = 4; lastKnownFileType = sourcecode.c.objc; path = AddItemViewController.m; sourceTree = "<group>"; };
		363499FE1B71156300D472B8 /* DetailViewController.h */ = {isa = PBXFileReference; fileEncoding = 4; lastKnownFileType = sourcecode.c.h; path = DetailViewController.h; sourceTree = "<group>"; };
		363499FF1B71156300D472B8 /* DetailViewController.m */ = {isa = PBXFileReference; fileEncoding = 4; lastKnownFileType = sourcecode.c.objc; path = DetailViewController.m; sourceTree = "<group>"; };
		363AE34C1B70AE7700C3A0A9 /* NTableView.app */ = {isa = PBXFileReference; explicitFileType = wrapper.application; includeInIndex = 0; path = NTableView.app; sourceTree = BUILT_PRODUCTS_DIR; };
		363AE3501B70AE7700C3A0A9 /* Info.plist */ = {isa = PBXFileReference; lastKnownFileType = text.plist.xml; path = Info.plist; sourceTree = "<group>"; };
		363AE3511B70AE7700C3A0A9 /* main.m */ = {isa = PBXFileReference; lastKnownFileType = sourcecode.c.objc; path = main.m; sourceTree = "<group>"; };
		363AE3531B70AE7700C3A0A9 /* AppDelegate.h */ = {isa = PBXFileReference; lastKnownFileType = sourcecode.c.h; path = AppDelegate.h; sourceTree = "<group>"; };
		363AE3541B70AE7700C3A0A9 /* AppDelegate.m */ = {isa = PBXFileReference; lastKnownFileType = sourcecode.c.objc; path = AppDelegate.m; sourceTree = "<group>"; };
		363AE3561B70AE7700C3A0A9 /* ViewController.h */ = {isa = PBXFileReference; lastKnownFileType = sourcecode.c.h; path = ViewController.h; sourceTree = "<group>"; };
		363AE3571B70AE7700C3A0A9 /* ViewController.m */ = {isa = PBXFileReference; lastKnownFileType = sourcecode.c.objc; path = ViewController.m; sourceTree = "<group>"; };
		363AE35A1B70AE7700C3A0A9 /* Base */ = {isa = PBXFileReference; lastKnownFileType = file.storyboard; name = Base; path = Base.lproj/Main.storyboard; sourceTree = "<group>"; };
		363AE35C1B70AE7700C3A0A9 /* Images.xcassets */ = {isa = PBXFileReference; lastKnownFileType = folder.assetcatalog; path = Images.xcassets; sourceTree = "<group>"; };
		363AE35F1B70AE7700C3A0A9 /* Base */ = {isa = PBXFileReference; lastKnownFileType = file.xib; name = Base; path = Base.lproj/LaunchScreen.xib; sourceTree = "<group>"; };
		363AE3651B70AE7700C3A0A9 /* NTableViewTests.xctest */ = {isa = PBXFileReference; explicitFileType = wrapper.cfbundle; includeInIndex = 0; path = NTableViewTests.xctest; sourceTree = BUILT_PRODUCTS_DIR; };
		363AE36A1B70AE7700C3A0A9 /* Info.plist */ = {isa = PBXFileReference; lastKnownFileType = text.plist.xml; path = Info.plist; sourceTree = "<group>"; };
		363AE36B1B70AE7700C3A0A9 /* NTableViewTests.m */ = {isa = PBXFileReference; lastKnownFileType = sourcecode.c.objc; path = NTableViewTests.m; sourceTree = "<group>"; };
/* End PBXFileReference section */

/* Begin PBXFrameworksBuildPhase section */
		363AE3491B70AE7700C3A0A9 /* Frameworks */ = {
			isa = PBXFrameworksBuildPhase;
			buildActionMask = 2147483647;
			files = (
				360248471B7867690053C740 /* CoreData.framework in Frameworks */,
			);
			runOnlyForDeploymentPostprocessing = 0;
		};
		363AE3621B70AE7700C3A0A9 /* Frameworks */ = {
			isa = PBXFrameworksBuildPhase;
			buildActionMask = 2147483647;
			files = (
			);
			runOnlyForDeploymentPostprocessing = 0;
		};
/* End PBXFrameworksBuildPhase section */

/* Begin PBXGroup section */
		363AE3431B70AE7700C3A0A9 = {
			isa = PBXGroup;
			children = (
				360248461B7867690053C740 /* CoreData.framework */,
				363AE34E1B70AE7700C3A0A9 /* NTableView */,
				363AE3681B70AE7700C3A0A9 /* NTableViewTests */,
				363AE34D1B70AE7700C3A0A9 /* Products */,
			);
			sourceTree = "<group>";
		};
		363AE34D1B70AE7700C3A0A9 /* Products */ = {
			isa = PBXGroup;
			children = (
				363AE34C1B70AE7700C3A0A9 /* NTableView.app */,
				363AE3651B70AE7700C3A0A9 /* NTableViewTests.xctest */,
			);
			name = Products;
			sourceTree = "<group>";
		};
		363AE34E1B70AE7700C3A0A9 /* NTableView */ = {
			isa = PBXGroup;
			children = (
				363AE3531B70AE7700C3A0A9 /* AppDelegate.h */,
				363AE3541B70AE7700C3A0A9 /* AppDelegate.m */,
				363AE3561B70AE7700C3A0A9 /* ViewController.h */,
				363AE3571B70AE7700C3A0A9 /* ViewController.m */,
				363499FB1B7111BD00D472B8 /* AddItemViewController.h */,
				363499FC1B7111BD00D472B8 /* AddItemViewController.m */,
				363499FE1B71156300D472B8 /* DetailViewController.h */,
				363499FF1B71156300D472B8 /* DetailViewController.m */,
				3633921D1B73559500A534A8 /* TaskTableViewCell.h */,
				3633921E1B73559500A534A8 /* TaskTableViewCell.m */,
				3633E5A81B7B01B7000F524A /* Task.h */,
				3633E5A91B7B01B7000F524A /* Task.m */,
				3633921B1B7352EC00A534A8 /* TaskCell.xib */,
				363AE3591B70AE7700C3A0A9 /* Main.storyboard */,
				360248481B7868360053C740 /* Model.xcdatamodeld */,
				3633062A1B748AA200551CEE /* Done.png */,
				363AE35C1B70AE7700C3A0A9 /* Images.xcassets */,
				363AE35E1B70AE7700C3A0A9 /* LaunchScreen.xib */,
				363AE34F1B70AE7700C3A0A9 /* Supporting Files */,
			);
			path = NTableView;
			sourceTree = "<group>";
		};
		363AE34F1B70AE7700C3A0A9 /* Supporting Files */ = {
			isa = PBXGroup;
			children = (
				363AE3501B70AE7700C3A0A9 /* Info.plist */,
				363AE3511B70AE7700C3A0A9 /* main.m */,
			);
			name = "Supporting Files";
			sourceTree = "<group>";
		};
		363AE3681B70AE7700C3A0A9 /* NTableViewTests */ = {
			isa = PBXGroup;
			children = (
				363AE36B1B70AE7700C3A0A9 /* NTableViewTests.m */,
				363AE3691B70AE7700C3A0A9 /* Supporting Files */,
			);
			path = NTableViewTests;
			sourceTree = "<group>";
		};
		363AE3691B70AE7700C3A0A9 /* Supporting Files */ = {
			isa = PBXGroup;
			children = (
				363AE36A1B70AE7700C3A0A9 /* Info.plist */,
			);
			name = "Supporting Files";
			sourceTree = "<group>";
		};
/* End PBXGroup section */

/* Begin PBXNativeTarget section */
		363AE34B1B70AE7700C3A0A9 /* NTableView */ = {
			isa = PBXNativeTarget;
			buildConfigurationList = 363AE36F1B70AE7700C3A0A9 /* Build configuration list for PBXNativeTarget "NTableView" */;
			buildPhases = (
				363AE3481B70AE7700C3A0A9 /* Sources */,
				363AE3491B70AE7700C3A0A9 /* Frameworks */,
				363AE34A1B70AE7700C3A0A9 /* Resources */,
			);
			buildRules = (
			);
			dependencies = (
			);
			name = NTableView;
			productName = NTableView;
			productReference = 363AE34C1B70AE7700C3A0A9 /* NTableView.app */;
			productType = "com.apple.product-type.application";
		};
		363AE3641B70AE7700C3A0A9 /* NTableViewTests */ = {
			isa = PBXNativeTarget;
			buildConfigurationList = 363AE3721B70AE7700C3A0A9 /* Build configuration list for PBXNativeTarget "NTableViewTests" */;
			buildPhases = (
				363AE3611B70AE7700C3A0A9 /* Sources */,
				363AE3621B70AE7700C3A0A9 /* Frameworks */,
				363AE3631B70AE7700C3A0A9 /* Resources */,
			);
			buildRules = (
			);
			dependencies = (
				363AE3671B70AE7700C3A0A9 /* PBXTargetDependency */,
			);
			name = NTableViewTests;
			productName = NTableViewTests;
			productReference = 363AE3651B70AE7700C3A0A9 /* NTableViewTests.xctest */;
			productType = "com.apple.product-type.bundle.unit-test";
		};
/* End PBXNativeTarget section */

/* Begin PBXProject section */
		363AE3441B70AE7700C3A0A9 /* Project object */ = {
			isa = PBXProject;
			attributes = {
				LastUpgradeCheck = 0640;
				ORGANIZATIONNAME = "Phu Huynh";
				TargetAttributes = {
					363AE34B1B70AE7700C3A0A9 = {
						CreatedOnToolsVersion = 6.4;
					};
					363AE3641B70AE7700C3A0A9 = {
						CreatedOnToolsVersion = 6.4;
						TestTargetID = 363AE34B1B70AE7700C3A0A9;
					};
				};
			};
			buildConfigurationList = 363AE3471B70AE7700C3A0A9 /* Build configuration list for PBXProject "NTableView" */;
			compatibilityVersion = "Xcode 3.2";
			developmentRegion = English;
			hasScannedForEncodings = 0;
			knownRegions = (
				en,
				Base,
			);
			mainGroup = 363AE3431B70AE7700C3A0A9;
			productRefGroup = 363AE34D1B70AE7700C3A0A9 /* Products */;
			projectDirPath = "";
			projectRoot = "";
			targets = (
				363AE34B1B70AE7700C3A0A9 /* NTableView */,
				363AE3641B70AE7700C3A0A9 /* NTableViewTests */,
			);
		};
/* End PBXProject section */

/* Begin PBXResourcesBuildPhase section */
		363AE34A1B70AE7700C3A0A9 /* Resources */ = {
			isa = PBXResourcesBuildPhase;
			buildActionMask = 2147483647;
			files = (
				363AE35B1B70AE7700C3A0A9 /* Main.storyboard in Resources */,
				3633921C1B7352EC00A534A8 /* TaskCell.xib in Resources */,
				3633062B1B748AA200551CEE /* Done.png in Resources */,
				363AE3601B70AE7700C3A0A9 /* LaunchScreen.xib in Resources */,
				363AE35D1B70AE7700C3A0A9 /* Images.xcassets in Resources */,
			);
			runOnlyForDeploymentPostprocessing = 0;
		};
		363AE3631B70AE7700C3A0A9 /* Resources */ = {
			isa = PBXResourcesBuildPhase;
			buildActionMask = 2147483647;
			files = (
			);
			runOnlyForDeploymentPostprocessing = 0;
		};
/* End PBXResourcesBuildPhase section */

/* Begin PBXSourcesBuildPhase section */
		363AE3481B70AE7700C3A0A9 /* Sources */ = {
			isa = PBXSourcesBuildPhase;
			buildActionMask = 2147483647;
			files = (
				36349A001B71156300D472B8 /* DetailViewController.m in Sources */,
				363AE3581B70AE7700C3A0A9 /* ViewController.m in Sources */,
				363499FD1B7111BD00D472B8 /* AddItemViewController.m in Sources */,
				3602484A1B7868360053C740 /* Model.xcdatamodeld in Sources */,
				3633E5AA1B7B01B7000F524A /* Task.m in Sources */,
				3633921F1B73559500A534A8 /* TaskTableViewCell.m in Sources */,
				363AE3551B70AE7700C3A0A9 /* AppDelegate.m in Sources */,
				363AE3521B70AE7700C3A0A9 /* main.m in Sources */,
			);
			runOnlyForDeploymentPostprocessing = 0;
		};
		363AE3611B70AE7700C3A0A9 /* Sources */ = {
			isa = PBXSourcesBuildPhase;
			buildActionMask = 2147483647;
			files = (
				363AE36C1B70AE7700C3A0A9 /* NTableViewTests.m in Sources */,
			);
			runOnlyForDeploymentPostprocessing = 0;
		};
/* End PBXSourcesBuildPhase section */

/* Begin PBXTargetDependency section */
		363AE3671B70AE7700C3A0A9 /* PBXTargetDependency */ = {
			isa = PBXTargetDependency;
			target = 363AE34B1B70AE7700C3A0A9 /* NTableView */;
			targetProxy = 363AE3661B70AE7700C3A0A9 /* PBXContainerItemProxy */;
		};
/* End PBXTargetDependency section */

/* Begin PBXVariantGroup section */
		363AE3591B70AE7700C3A0A9 /* Main.storyboard */ = {
			isa = PBXVariantGroup;
			children = (
				363AE35A1B70AE7700C3A0A9 /* Base */,
			);
			name = Main.storyboard;
			sourceTree = "<group>";
		};
		363AE35E1B70AE7700C3A0A9 /* LaunchScreen.xib */ = {
			isa = PBXVariantGroup;
			children = (
				363AE35F1B70AE7700C3A0A9 /* Base */,
			);
			name = LaunchScreen.xib;
			sourceTree = "<group>";
		};
/* End PBXVariantGroup section */

/* Begin XCBuildConfiguration section */
		363AE36D1B70AE7700C3A0A9 /* Debug */ = {
			isa = XCBuildConfiguration;
			buildSettings = {
				ALWAYS_SEARCH_USER_PATHS = NO;
				CLANG_CXX_LANGUAGE_STANDARD = "gnu++0x";
				CLANG_CXX_LIBRARY = "libc++";
				CLANG_ENABLE_MODULES = YES;
				CLANG_ENABLE_OBJC_ARC = YES;
				CLANG_WARN_BOOL_CONVERSION = YES;
				CLANG_WARN_CONSTANT_CONVERSION = YES;
				CLANG_WARN_DIRECT_OBJC_ISA_USAGE = YES_ERROR;
				CLANG_WARN_EMPTY_BODY = YES;
				CLANG_WARN_ENUM_CONVERSION = YES;
				CLANG_WARN_INT_CONVERSION = YES;
				CLANG_WARN_OBJC_ROOT_CLASS = YES_ERROR;
				CLANG_WARN_UNREACHABLE_CODE = YES;
				CLANG_WARN__DUPLICATE_METHOD_MATCH = YES;
				"CODE_SIGN_IDENTITY[sdk=iphoneos*]" = "iPhone Developer";
				COPY_PHASE_STRIP = NO;
				DEBUG_INFORMATION_FORMAT = "dwarf-with-dsym";
				ENABLE_STRICT_OBJC_MSGSEND = YES;
				GCC_C_LANGUAGE_STANDARD = gnu99;
				GCC_DYNAMIC_NO_PIC = NO;
				GCC_NO_COMMON_BLOCKS = YES;
				GCC_OPTIMIZATION_LEVEL = 0;
				GCC_PREPROCESSOR_DEFINITIONS = (
					"DEBUG=1",
					"$(inherited)",
				);
				GCC_SYMBOLS_PRIVATE_EXTERN = NO;
				GCC_WARN_64_TO_32_BIT_CONVERSION = YES;
				GCC_WARN_ABOUT_RETURN_TYPE = YES_ERROR;
				GCC_WARN_UNDECLARED_SELECTOR = YES;
				GCC_WARN_UNINITIALIZED_AUTOS = YES_AGGRESSIVE;
				GCC_WARN_UNUSED_FUNCTION = YES;
				GCC_WARN_UNUSED_VARIABLE = YES;
				IPHONEOS_DEPLOYMENT_TARGET = 8.4;
				MTL_ENABLE_DEBUG_INFO = YES;
				ONLY_ACTIVE_ARCH = YES;
				SDKROOT = iphoneos;
			};
			name = Debug;
		};
		363AE36E1B70AE7700C3A0A9 /* Release */ = {
			isa = XCBuildConfiguration;
			buildSettings = {
				ALWAYS_SEARCH_USER_PATHS = NO;
				CLANG_CXX_LANGUAGE_STANDARD = "gnu++0x";
				CLANG_CXX_LIBRARY = "libc++";
				CLANG_ENABLE_MODULES = YES;
				CLANG_ENABLE_OBJC_ARC = YES;
				CLANG_WARN_BOOL_CONVERSION = YES;
				CLANG_WARN_CONSTANT_CONVERSION = YES;
				CLANG_WARN_DIRECT_OBJC_ISA_USAGE = YES_ERROR;
				CLANG_WARN_EMPTY_BODY = YES;
				CLANG_WARN_ENUM_CONVERSION = YES;
				CLANG_WARN_INT_CONVERSION = YES;
				CLANG_WARN_OBJC_ROOT_CLASS = YES_ERROR;
				CLANG_WARN_UNREACHABLE_CODE = YES;
				CLANG_WARN__DUPLICATE_METHOD_MATCH = YES;
				"CODE_SIGN_IDENTITY[sdk=iphoneos*]" = "iPhone Developer";
				COPY_PHASE_STRIP = NO;
				DEBUG_INFORMATION_FORMAT = "dwarf-with-dsym";
				ENABLE_NS_ASSERTIONS = NO;
				ENABLE_STRICT_OBJC_MSGSEND = YES;
				GCC_C_LANGUAGE_STANDARD = gnu99;
				GCC_NO_COMMON_BLOCKS = YES;
				GCC_WARN_64_TO_32_BIT_CONVERSION = YES;
				GCC_WARN_ABOUT_RETURN_TYPE = YES_ERROR;
				GCC_WARN_UNDECLARED_SELECTOR = YES;
				GCC_WARN_UNINITIALIZED_AUTOS = YES_AGGRESSIVE;
				GCC_WARN_UNUSED_FUNCTION = YES;
				GCC_WARN_UNUSED_VARIABLE = YES;
				IPHONEOS_DEPLOYMENT_TARGET = 8.4;
				MTL_ENABLE_DEBUG_INFO = NO;
				SDKROOT = iphoneos;
				VALIDATE_PRODUCT = YES;
			};
			name = Release;
		};
		363AE3701B70AE7700C3A0A9 /* Debug */ = {
			isa = XCBuildConfiguration;
			buildSettings = {
				ASSETCATALOG_COMPILER_APPICON_NAME = AppIcon;
				INFOPLIST_FILE = NTableView/Info.plist;
				LD_RUNPATH_SEARCH_PATHS = "$(inherited) @executable_path/Frameworks";
				PRODUCT_NAME = "$(TARGET_NAME)";
			};
			name = Debug;
		};
		363AE3711B70AE7700C3A0A9 /* Release */ = {
			isa = XCBuildConfiguration;
			buildSettings = {
				ASSETCATALOG_COMPILER_APPICON_NAME = AppIcon;
				INFOPLIST_FILE = NTableView/Info.plist;
				LD_RUNPATH_SEARCH_PATHS = "$(inherited) @executable_path/Frameworks";
				PRODUCT_NAME = "$(TARGET_NAME)";
			};
			name = Release;
		};
		363AE3731B70AE7700C3A0A9 /* Debug */ = {
			isa = XCBuildConfiguration;
			buildSettings = {
				BUNDLE_LOADER = "$(TEST_HOST)";
				FRAMEWORK_SEARCH_PATHS = (
					"$(SDKROOT)/Developer/Library/Frameworks",
					"$(inherited)",
				);
				GCC_PREPROCESSOR_DEFINITIONS = (
					"DEBUG=1",
					"$(inherited)",
				);
				INFOPLIST_FILE = NTableViewTests/Info.plist;
				LD_RUNPATH_SEARCH_PATHS = "$(inherited) @executable_path/Frameworks @loader_path/Frameworks";
				PRODUCT_NAME = "$(TARGET_NAME)";
				TEST_HOST = "$(BUILT_PRODUCTS_DIR)/NTableView.app/NTableView";
			};
			name = Debug;
		};
		363AE3741B70AE7700C3A0A9 /* Release */ = {
			isa = XCBuildConfiguration;
			buildSettings = {
				BUNDLE_LOADER = "$(TEST_HOST)";
				FRAMEWORK_SEARCH_PATHS = (
					"$(SDKROOT)/Developer/Library/Frameworks",
					"$(inherited)",
				);
				INFOPLIST_FILE = NTableViewTests/Info.plist;
				LD_RUNPATH_SEARCH_PATHS = "$(inherited) @executable_path/Frameworks @loader_path/Frameworks";
				PRODUCT_NAME = "$(TARGET_NAME)";
				TEST_HOST = "$(BUILT_PRODUCTS_DIR)/NTableView.app/NTableView";
			};
			name = Release;
		};
/* End XCBuildConfiguration section */

/* Begin XCConfigurationList section */
		363AE3471B70AE7700C3A0A9 /* Build configuration list for PBXProject "NTableView" */ = {
			isa = XCConfigurationList;
			buildConfigurations = (
				363AE36D1B70AE7700C3A0A9 /* Debug */,
				363AE36E1B70AE7700C3A0A9 /* Release */,
			);
			defaultConfigurationIsVisible = 0;
			defaultConfigurationName = Release;
		};
		363AE36F1B70AE7700C3A0A9 /* Build configuration list for PBXNativeTarget "NTableView" */ = {
			isa = XCConfigurationList;
			buildConfigurations = (
				363AE3701B70AE7700C3A0A9 /* Debug */,
				363AE3711B70AE7700C3A0A9 /* Release */,
			);
			defaultConfigurationIsVisible = 0;
			defaultConfigurationName = Release;
		};
		363AE3721B70AE7700C3A0A9 /* Build configuration list for PBXNativeTarget "NTableViewTests" */ = {
			isa = XCConfigurationList;
			buildConfigurations = (
				363AE3731B70AE7700C3A0A9 /* Debug */,
				363AE3741B70AE7700C3A0A9 /* Release */,
			);
			defaultConfigurationIsVisible = 0;
			defaultConfigurationName = Release;
		};
/* End XCConfigurationList section */

/* Begin XCVersionGroup section */
		360248481B7868360053C740 /* Model.xcdatamodeld */ = {
			isa = XCVersionGroup;
			children = (
				360248491B7868360053C740 /* Model.xcdatamodel */,
			);
			currentVersion = 360248491B7868360053C740 /* Model.xcdatamodel */;
			path = Model.xcdatamodeld;
			sourceTree = "<group>";
			versionGroupType = wrapper.xcdatamodel;
		};
/* End XCVersionGroup section */
	};
	rootObject = 363AE3441B70AE7700C3A0A9 /* Project object */;
}
